{
  "name": "servmon",
  "version": "1.0.0",
  "lockfileVersion": 2,
  "requires": true,
  "packages": {
    "": {
      "name": "servmon",
      "version": "1.0.0",
      "license": "SEE LICENCE IN GSLDL.txt",
      "dependencies": {
        "raspberrypi-liquid-crystal": "^1.15.0"
      }
    },
    "node_modules/bindings": {
      "version": "1.5.0",
      "license": "MIT",
      "dependencies": {
        "file-uri-to-path": "1.0.0"
      }
    },
    "node_modules/file-uri-to-path": {
      "version": "1.0.0",
      "license": "MIT"
    },
    "node_modules/i2c-bus": {
      "version": "5.2.1",
      "hasInstallScript": true,
      "license": "MIT",
      "dependencies": {
        "bindings": "^1.5.0",
        "nan": "^2.14.1"
      },
      "engines": {
        "node": ">=8.0.0"
      }
    },
    "node_modules/nan": {
      "version": "2.14.2",
      "license": "MIT"
    },
    "node_modules/raspberrypi-liquid-crystal": {
      "version": "1.15.0",
      "license": "ISC",
      "dependencies": {
        "i2c-bus": "^5.1.0",
        "sleep": "^6.1.0"
      }
    },
    "node_modules/sleep": {
      "version": "6.3.0",
      "license": "MIT",
      "dependencies": {
        "nan": "^2.14.1"
      },
      "engines": {
        "node": ">=0.8.0"
      }
    }
  },
  "dependencies": {
    "bindings": {
      "version": "1.5.0",
      "requires": {
        "file-uri-to-path": "1.0.0"
      }
    },
    "file-uri-to-path": {
      "version": "1.0.0"
    },
    "i2c-bus": {
      "version": "5.2.1",
      "requires": {
        "bindings": "^1.5.0",
        "nan": "^2.14.1"
      }
    },
    "nan": {
      "version": "2.14.2"
    },
    "raspberrypi-liquid-crystal": {
      "version": "1.15.0",
      "requires": {
        "i2c-bus": "^5.1.0",
        "sleep": "^6.1.0"
      }
    },
    "sleep": {
      "version": "6.3.0",
      "requires": {
        "nan": "^2.14.1"
      }
    }
  }
}
